// !$*UTF8*$!
{
	archiveVersion = 1;
	classes = {
	};
	objectVersion = 50;
	objects = {

/* Begin PBXBuildFile section */
		342264252230416600C92F37 /* UIButtonExtension.swift in Sources */ = {isa = PBXBuildFile; fileRef = 342264242230416600C92F37 /* UIButtonExtension.swift */; };
		34E7807A2232EA3F00C7BAC9 /* RootViewController.swift in Sources */ = {isa = PBXBuildFile; fileRef = 34E780792232EA3F00C7BAC9 /* RootViewController.swift */; };
		34E7807C2232EA7100C7BAC9 /* ListTableViewController.swift in Sources */ = {isa = PBXBuildFile; fileRef = 34E7807B2232EA7100C7BAC9 /* ListTableViewController.swift */; };
		34FBD035222DEC1F00CF0117 /* AppDelegate.swift in Sources */ = {isa = PBXBuildFile; fileRef = 34FBD034222DEC1F00CF0117 /* AppDelegate.swift */; };
		34FBD037222DEC1F00CF0117 /* MainViewController.swift in Sources */ = {isa = PBXBuildFile; fileRef = 34FBD036222DEC1F00CF0117 /* MainViewController.swift */; };
		34FBD03A222DEC1F00CF0117 /* Main.storyboard in Resources */ = {isa = PBXBuildFile; fileRef = 34FBD038222DEC1F00CF0117 /* Main.storyboard */; };
		34FBD03D222DEC1F00CF0117 /* HR_Monitor_App.xcdatamodeld in Sources */ = {isa = PBXBuildFile; fileRef = 34FBD03B222DEC1F00CF0117 /* HR_Monitor_App.xcdatamodeld */; };
		34FBD03F222DEC2000CF0117 /* Assets.xcassets in Resources */ = {isa = PBXBuildFile; fileRef = 34FBD03E222DEC2000CF0117 /* Assets.xcassets */; };
		34FBD042222DEC2000CF0117 /* LaunchScreen.storyboard in Resources */ = {isa = PBXBuildFile; fileRef = 34FBD040222DEC2000CF0117 /* LaunchScreen.storyboard */; };
		34FBD04A222DEDD600CF0117 /* CustomNavController.swift in Sources */ = {isa = PBXBuildFile; fileRef = 34FBD049222DEDD600CF0117 /* CustomNavController.swift */; };
/* End PBXBuildFile section */

/* Begin PBXFileReference section */
		342264242230416600C92F37 /* UIButtonExtension.swift */ = {isa = PBXFileReference; lastKnownFileType = sourcecode.swift; path = UIButtonExtension.swift; sourceTree = "<group>"; };
		34E780792232EA3F00C7BAC9 /* RootViewController.swift */ = {isa = PBXFileReference; lastKnownFileType = sourcecode.swift; path = RootViewController.swift; sourceTree = "<group>"; };
		34E7807B2232EA7100C7BAC9 /* ListTableViewController.swift */ = {isa = PBXFileReference; lastKnownFileType = sourcecode.swift; path = ListTableViewController.swift; sourceTree = "<group>"; };
		34FBD031222DEC1F00CF0117 /* HR Monitor App.app */ = {isa = PBXFileReference; explicitFileType = wrapper.application; includeInIndex = 0; path = "HR Monitor App.app"; sourceTree = BUILT_PRODUCTS_DIR; };
		34FBD034222DEC1F00CF0117 /* AppDelegate.swift */ = {isa = PBXFileReference; lastKnownFileType = sourcecode.swift; path = AppDelegate.swift; sourceTree = "<group>"; };
		34FBD036222DEC1F00CF0117 /* MainViewController.swift */ = {isa = PBXFileReference; lastKnownFileType = sourcecode.swift; path = MainViewController.swift; sourceTree = "<group>"; };
		34FBD039222DEC1F00CF0117 /* Base */ = {isa = PBXFileReference; lastKnownFileType = file.storyboard; name = Base; path = Base.lproj/Main.storyboard; sourceTree = "<group>"; };
		34FBD03C222DEC1F00CF0117 /* HR_Monitor_App.xcdatamodel */ = {isa = PBXFileReference; lastKnownFileType = wrapper.xcdatamodel; path = HR_Monitor_App.xcdatamodel; sourceTree = "<group>"; };
		34FBD03E222DEC2000CF0117 /* Assets.xcassets */ = {isa = PBXFileReference; lastKnownFileType = folder.assetcatalog; path = Assets.xcassets; sourceTree = "<group>"; };
		34FBD041222DEC2000CF0117 /* Base */ = {isa = PBXFileReference; lastKnownFileType = file.storyboard; name = Base; path = Base.lproj/LaunchScreen.storyboard; sourceTree = "<group>"; };
		34FBD043222DEC2000CF0117 /* Info.plist */ = {isa = PBXFileReference; lastKnownFileType = text.plist.xml; path = Info.plist; sourceTree = "<group>"; };
		34FBD049222DEDD600CF0117 /* CustomNavController.swift */ = {isa = PBXFileReference; lastKnownFileType = sourcecode.swift; path = CustomNavController.swift; sourceTree = "<group>"; };
/* End PBXFileReference section */

/* Begin PBXFrameworksBuildPhase section */
		34FBD02E222DEC1F00CF0117 /* Frameworks */ = {
			isa = PBXFrameworksBuildPhase;
			buildActionMask = 2147483647;
			files = (
			);
			runOnlyForDeploymentPostprocessing = 0;
		};
/* End PBXFrameworksBuildPhase section */

/* Begin PBXGroup section */
		342264262230584B00C92F37 /* Controller */ = {
			isa = PBXGroup;
			children = (
				34E780792232EA3F00C7BAC9 /* RootViewController.swift */,
				34FBD036222DEC1F00CF0117 /* MainViewController.swift */,
				34E7807B2232EA7100C7BAC9 /* ListTableViewController.swift */,
				34FBD049222DEDD600CF0117 /* CustomNavController.swift */,
				342264242230416600C92F37 /* UIButtonExtension.swift */,
			);
			path = Controller;
			sourceTree = "<group>";
		};
		34226427223058AF00C92F37 /* View */ = {
			isa = PBXGroup;
			children = (
				34FBD038222DEC1F00CF0117 /* Main.storyboard */,
			);
			path = View;
			sourceTree = "<group>";
		};
		34226428223058C200C92F37 /* Data Model */ = {
			isa = PBXGroup;
			children = (
				34FBD03B222DEC1F00CF0117 /* HR_Monitor_App.xcdatamodeld */,
			);
			path = "Data Model";
			sourceTree = "<group>";
		};
		34226429223058E800C92F37 /* Supporting Files */ = {
			isa = PBXGroup;
			children = (
				34FBD040222DEC2000CF0117 /* LaunchScreen.storyboard */,
				34FBD03E222DEC2000CF0117 /* Assets.xcassets */,
			);
			path = "Supporting Files";
			sourceTree = "<group>";
		};
		34FBD028222DEC1F00CF0117 = {
			isa = PBXGroup;
			children = (
				34FBD033222DEC1F00CF0117 /* HR Monitor App */,
				34FBD032222DEC1F00CF0117 /* Products */,
			);
			sourceTree = "<group>";
		};
		34FBD032222DEC1F00CF0117 /* Products */ = {
			isa = PBXGroup;
			children = (
				34FBD031222DEC1F00CF0117 /* HR Monitor App.app */,
			);
			name = Products;
			sourceTree = "<group>";
		};
		34FBD033222DEC1F00CF0117 /* HR Monitor App */ = {
			isa = PBXGroup;
			children = (
				34FBD034222DEC1F00CF0117 /* AppDelegate.swift */,
				34226428223058C200C92F37 /* Data Model */,
				34226427223058AF00C92F37 /* View */,
				342264262230584B00C92F37 /* Controller */,
				34226429223058E800C92F37 /* Supporting Files */,
				34FBD043222DEC2000CF0117 /* Info.plist */,
			);
			path = "HR Monitor App";
			sourceTree = "<group>";
		};
/* End PBXGroup section */

/* Begin PBXNativeTarget section */
		34FBD030222DEC1F00CF0117 /* HR Monitor App */ = {
			isa = PBXNativeTarget;
			buildConfigurationList = 34FBD046222DEC2000CF0117 /* Build configuration list for PBXNativeTarget "HR Monitor App" */;
			buildPhases = (
				34FBD02D222DEC1F00CF0117 /* Sources */,
				34FBD02E222DEC1F00CF0117 /* Frameworks */,
				34FBD02F222DEC1F00CF0117 /* Resources */,
			);
			buildRules = (
			);
			dependencies = (
			);
			name = "HR Monitor App";
			productName = "HR Monitor App";
			productReference = 34FBD031222DEC1F00CF0117 /* HR Monitor App.app */;
			productType = "com.apple.product-type.application";
		};
/* End PBXNativeTarget section */

/* Begin PBXProject section */
		34FBD029222DEC1F00CF0117 /* Project object */ = {
			isa = PBXProject;
			attributes = {
				LastSwiftUpdateCheck = 1010;
				LastUpgradeCheck = 1010;
				ORGANIZATIONNAME = "Zack Necesito";
				TargetAttributes = {
					34FBD030222DEC1F00CF0117 = {
						CreatedOnToolsVersion = 10.1;
					};
				};
			};
			buildConfigurationList = 34FBD02C222DEC1F00CF0117 /* Build configuration list for PBXProject "HR Monitor App" */;
			compatibilityVersion = "Xcode 9.3";
			developmentRegion = en;
			hasScannedForEncodings = 0;
			knownRegions = (
				en,
				Base,
			);
			mainGroup = 34FBD028222DEC1F00CF0117;
			productRefGroup = 34FBD032222DEC1F00CF0117 /* Products */;
			projectDirPath = "";
			projectRoot = "";
			targets = (
				34FBD030222DEC1F00CF0117 /* HR Monitor App */,
			);
		};
/* End PBXProject section */

/* Begin PBXResourcesBuildPhase section */
		34FBD02F222DEC1F00CF0117 /* Resources */ = {
			isa = PBXResourcesBuildPhase;
			buildActionMask = 2147483647;
			files = (
				34FBD042222DEC2000CF0117 /* LaunchScreen.storyboard in Resources */,
				34FBD03F222DEC2000CF0117 /* Assets.xcassets in Resources */,
				34FBD03A222DEC1F00CF0117 /* Main.storyboard in Resources */,
			);
			runOnlyForDeploymentPostprocessing = 0;
		};
/* End PBXResourcesBuildPhase section */

/* Begin PBXSourcesBuildPhase section */
		34FBD02D222DEC1F00CF0117 /* Sources */ = {
			isa = PBXSourcesBuildPhase;
			buildActionMask = 2147483647;
			files = (
				34FBD04A222DEDD600CF0117 /* CustomNavController.swift in Sources */,
				342264252230416600C92F37 /* UIButtonExtension.swift in Sources */,
				34E7807A2232EA3F00C7BAC9 /* RootViewController.swift in Sources */,
				34FBD037222DEC1F00CF0117 /* MainViewController.swift in Sources */,
				34FBD03D222DEC1F00CF0117 /* HR_Monitor_App.xcdatamodeld in Sources */,
				34FBD035222DEC1F00CF0117 /* AppDelegate.swift in Sources */,
				34E7807C2232EA7100C7BAC9 /* ListTableViewController.swift in Sources */,
			);
			runOnlyForDeploymentPostprocessing = 0;
		};
/* End PBXSourcesBuildPhase section */

/* Begin PBXVariantGroup section */
		34FBD038222DEC1F00CF0117 /* Main.storyboard */ = {
			isa = PBXVariantGroup;
			children = (
				34FBD039222DEC1F00CF0117 /* Base */,
			);
			name = Main.storyboard;
			sourceTree = "<group>";
		};
		34FBD040222DEC2000CF0117 /* LaunchScreen.storyboard */ = {
			isa = PBXVariantGroup;
			children = (
				34FBD041222DEC2000CF0117 /* Base */,
			);
			name = LaunchScreen.storyboard;
			sourceTree = "<group>";
		};
/* End PBXVariantGroup section */

/* Begin XCBuildConfiguration section */
		34FBD044222DEC2000CF0117 /* Debug */ = {
			isa = XCBuildConfiguration;
			buildSettings = {
				ALWAYS_SEARCH_USER_PATHS = NO;
				CLANG_ANALYZER_NONNULL = YES;
				CLANG_ANALYZER_NUMBER_OBJECT_CONVERSION = YES_AGGRESSIVE;
				CLANG_CXX_LANGUAGE_STANDARD = "gnu++14";
				CLANG_CXX_LIBRARY = "libc++";
				CLANG_ENABLE_MODULES = YES;
				CLANG_ENABLE_OBJC_ARC = YES;
				CLANG_ENABLE_OBJC_WEAK = YES;
				CLANG_WARN_BLOCK_CAPTURE_AUTORELEASING = YES;
				CLANG_WARN_BOOL_CONVERSION = YES;
				CLANG_WARN_COMMA = YES;
				CLANG_WARN_CONSTANT_CONVERSION = YES;
				CLANG_WARN_DEPRECATED_OBJC_IMPLEMENTATIONS = YES;
				CLANG_WARN_DIRECT_OBJC_ISA_USAGE = YES_ERROR;
				CLANG_WARN_DOCUMENTATION_COMMENTS = YES;
				CLANG_WARN_EMPTY_BODY = YES;
				CLANG_WARN_ENUM_CONVERSION = YES;
				CLANG_WARN_INFINITE_RECURSION = YES;
				CLANG_WARN_INT_CONVERSION = YES;
				CLANG_WARN_NON_LITERAL_NULL_CONVERSION = YES;
				CLANG_WARN_OBJC_IMPLICIT_RETAIN_SELF = YES;
				CLANG_WARN_OBJC_LITERAL_CONVERSION = YES;
				CLANG_WARN_OBJC_ROOT_CLASS = YES_ERROR;
				CLANG_WARN_RANGE_LOOP_ANALYSIS = YES;
				CLANG_WARN_STRICT_PROTOTYPES = YES;
				CLANG_WARN_SUSPICIOUS_MOVE = YES;
				CLANG_WARN_UNGUARDED_AVAILABILITY = YES_AGGRESSIVE;
				CLANG_WARN_UNREACHABLE_CODE = YES;
				CLANG_WARN__DUPLICATE_METHOD_MATCH = YES;
				CODE_SIGN_IDENTITY = "iPhone Developer";
				COPY_PHASE_STRIP = NO;
				DEBUG_INFORMATION_FORMAT = dwarf;
				ENABLE_STRICT_OBJC_MSGSEND = YES;
				ENABLE_TESTABILITY = YES;
				GCC_C_LANGUAGE_STANDARD = gnu11;
				GCC_DYNAMIC_NO_PIC = NO;
				GCC_NO_COMMON_BLOCKS = YES;
				GCC_OPTIMIZATION_LEVEL = 0;
				GCC_PREPROCESSOR_DEFINITIONS = (
					"DEBUG=1",
					"$(inherited)",
				);
				GCC_WARN_64_TO_32_BIT_CONVERSION = YES;
				GCC_WARN_ABOUT_RETURN_TYPE = YES_ERROR;
				GCC_WARN_UNDECLARED_SELECTOR = YES;
				GCC_WARN_UNINITIALIZED_AUTOS = YES_AGGRESSIVE;
				GCC_WARN_UNUSED_FUNCTION = YES;
				GCC_WARN_UNUSED_VARIABLE = YES;
				IPHONEOS_DEPLOYMENT_TARGET = 12.1;
				MTL_ENABLE_DEBUG_INFO = INCLUDE_SOURCE;
				MTL_FAST_MATH = YES;
				ONLY_ACTIVE_ARCH = YES;
				SDKROOT = iphoneos;
				SWIFT_ACTIVE_COMPILATION_CONDITIONS = DEBUG;
				SWIFT_OPTIMIZATION_LEVEL = "-Onone";
			};
			name = Debug;
		};
		34FBD045222DEC2000CF0117 /* Release */ = {
			isa = XCBuildConfiguration;
			buildSettings = {
				ALWAYS_SEARCH_USER_PATHS = NO;
				CLANG_ANALYZER_NONNULL = YES;
				CLANG_ANALYZER_NUMBER_OBJECT_CONVERSION = YES_AGGRESSIVE;
				CLANG_CXX_LANGUAGE_STANDARD = "gnu++14";
				CLANG_CXX_LIBRARY = "libc++";
				CLANG_ENABLE_MODULES = YES;
				CLANG_ENABLE_OBJC_ARC = YES;
				CLANG_ENABLE_OBJC_WEAK = YES;
				CLANG_WARN_BLOCK_CAPTURE_AUTORELEASING = YES;
				CLANG_WARN_BOOL_CONVERSION = YES;
				CLANG_WARN_COMMA = YES;
				CLANG_WARN_CONSTANT_CONVERSION = YES;
				CLANG_WARN_DEPRECATED_OBJC_IMPLEMENTATIONS = YES;
				CLANG_WARN_DIRECT_OBJC_ISA_USAGE = YES_ERROR;
				CLANG_WARN_DOCUMENTATION_COMMENTS = YES;
				CLANG_WARN_EMPTY_BODY = YES;
				CLANG_WARN_ENUM_CONVERSION = YES;
				CLANG_WARN_INFINITE_RECURSION = YES;
				CLANG_WARN_INT_CONVERSION = YES;
				CLANG_WARN_NON_LITERAL_NULL_CONVERSION = YES;
				CLANG_WARN_OBJC_IMPLICIT_RETAIN_SELF = YES;
				CLANG_WARN_OBJC_LITERAL_CONVERSION = YES;
				CLANG_WARN_OBJC_ROOT_CLASS = YES_ERROR;
				CLANG_WARN_RANGE_LOOP_ANALYSIS = YES;
				CLANG_WARN_STRICT_PROTOTYPES = YES;
				CLANG_WARN_SUSPICIOUS_MOVE = YES;
				CLANG_WARN_UNGUARDED_AVAILABILITY = YES_AGGRESSIVE;
				CLANG_WARN_UNREACHABLE_CODE = YES;
				CLANG_WARN__DUPLICATE_METHOD_MATCH = YES;
				CODE_SIGN_IDENTITY = "iPhone Developer";
				COPY_PHASE_STRIP = NO;
				DEBUG_INFORMATION_FORMAT = "dwarf-with-dsym";
				ENABLE_NS_ASSERTIONS = NO;
				ENABLE_STRICT_OBJC_MSGSEND = YES;
				GCC_C_LANGUAGE_STANDARD = gnu11;
				GCC_NO_COMMON_BLOCKS = YES;
				GCC_WARN_64_TO_32_BIT_CONVERSION = YES;
				GCC_WARN_ABOUT_RETURN_TYPE = YES_ERROR;
				GCC_WARN_UNDECLARED_SELECTOR = YES;
				GCC_WARN_UNINITIALIZED_AUTOS = YES_AGGRESSIVE;
				GCC_WARN_UNUSED_FUNCTION = YES;
				GCC_WARN_UNUSED_VARIABLE = YES;
				IPHONEOS_DEPLOYMENT_TARGET = 12.1;
				MTL_ENABLE_DEBUG_INFO = NO;
				MTL_FAST_MATH = YES;
				SDKROOT = iphoneos;
				SWIFT_COMPILATION_MODE = wholemodule;
				SWIFT_OPTIMIZATION_LEVEL = "-O";
				VALIDATE_PRODUCT = YES;
			};
			name = Release;
		};
		34FBD047222DEC2000CF0117 /* Debug */ = {
			isa = XCBuildConfiguration;
			buildSettings = {
				ASSETCATALOG_COMPILER_APPICON_NAME = AppIcon;
				CODE_SIGN_STYLE = Automatic;
				DEVELOPMENT_TEAM = VBDN89QUL5;
				INFOPLIST_FILE = "HR Monitor App/Info.plist";
				LD_RUNPATH_SEARCH_PATHS = (
					"$(inherited)",
					"@executable_path/Frameworks",
				);
				PRODUCT_BUNDLE_IDENTIFIER = "com.zacknecesito.HR-Monitor-App";
				PRODUCT_NAME = "$(TARGET_NAME)";
				SWIFT_VERSION = 4.2;
				TARGETED_DEVICE_FAMILY = "1,2";
			};
			name = Debug;
		};
		34FBD048222DEC2000CF0117 /* Release */ = {
			isa = XCBuildConfiguration;
			buildSettings = {
				ASSETCATALOG_COMPILER_APPICON_NAME = AppIcon;
				CODE_SIGN_STYLE = Automatic;
				DEVELOPMENT_TEAM = VBDN89QUL5;
				INFOPLIST_FILE = "HR Monitor App/Info.plist";
				LD_RUNPATH_SEARCH_PATHS = (
					"$(inherited)",
					"@executable_path/Frameworks",
				);
				PRODUCT_BUNDLE_IDENTIFIER = "com.zacknecesito.HR-Monitor-App";
				PRODUCT_NAME = "$(TARGET_NAME)";
				SWIFT_VERSION = 4.2;
				TARGETED_DEVICE_FAMILY = "1,2";
			};
			name = Release;
		};
/* End XCBuildConfiguration section */

/* Begin XCConfigurationList section */
		34FBD02C222DEC1F00CF0117 /* Build configuration list for PBXProject "HR Monitor App" */ = {
			isa = XCConfigurationList;
			buildConfigurations = (
				34FBD044222DEC2000CF0117 /* Debug */,
				34FBD045222DEC2000CF0117 /* Release */,
			);
			defaultConfigurationIsVisible = 0;
			defaultConfigurationName = Release;
		};
		34FBD046222DEC2000CF0117 /* Build configuration list for PBXNativeTarget "HR Monitor App" */ = {
			isa = XCConfigurationList;
			buildConfigurations = (
				34FBD047222DEC2000CF0117 /* Debug */,
				34FBD048222DEC2000CF0117 /* Release */,
			);
			defaultConfigurationIsVisible = 0;
			defaultConfigurationName = Release;
		};
/* End XCConfigurationList section */

/* Begin XCVersionGroup section */
		34FBD03B222DEC1F00CF0117 /* HR_Monitor_App.xcdatamodeld */ = {
			isa = XCVersionGroup;
			children = (
				34FBD03C222DEC1F00CF0117 /* HR_Monitor_App.xcdatamodel */,
			);
			currentVersion = 34FBD03C222DEC1F00CF0117 /* HR_Monitor_App.xcdatamodel */;
			path = HR_Monitor_App.xcdatamodeld;
			sourceTree = "<group>";
			versionGroupType = wrapper.xcdatamodel;
		};
/* End XCVersionGroup section */
	};
	rootObject = 34FBD029222DEC1F00CF0117 /* Project object */;
}
